
Microsoft Visual Studio Solution File, Format Version 12.00
# Visual Studio Version 16
VisualStudioVersion = 16.0.31424.327
MinimumVisualStudioVersion = 10.0.40219.1
Project("{FAE04EC0-301F-11D3-BF4B-00C04F79EFBC}") = "TurismoReal_Login.Api", "TurismoReal_Login.Api\TurismoReal_Login.Api.csproj", "{AA13DB62-DEAF-408C-8EA7-1172D67DA7DF}"
EndProject
Project("{FAE04EC0-301F-11D3-BF4B-00C04F79EFBC}") = "TurismoReal_Login.Core", "TurismoReal_Login.Core\TurismoReal_Login.Core.csproj", "{8CC08830-5284-4148-9DC5-09529FF3EB89}"
EndProject
Project("{FAE04EC0-301F-11D3-BF4B-00C04F79EFBC}") = "TurismoReal_Login.Infra", "TurismoReal_Login.Infra\TurismoReal_Login.Infra.csproj", "{05F55372-E18C-4877-A3C8-F9E9E1FBCBAD}"
EndProject
Global
	GlobalSection(SolutionConfigurationPlatforms) = preSolution
		Debug|Any CPU = Debug|Any CPU
		Release|Any CPU = Release|Any CPU
	EndGlobalSection
	GlobalSection(ProjectConfigurationPlatforms) = postSolution
		{AA13DB62-DEAF-408C-8EA7-1172D67DA7DF}.Debug|Any CPU.ActiveCfg = Debug|Any CPU
		{AA13DB62-DEAF-408C-8EA7-1172D67DA7DF}.Debug|Any CPU.Build.0 = Debug|Any CPU
		{AA13DB62-DEAF-408C-8EA7-1172D67DA7DF}.Release|Any CPU.ActiveCfg = Release|Any CPU
		{AA13DB62-DEAF-408C-8EA7-1172D67DA7DF}.Release|Any CPU.Build.0 = Release|Any CPU
		{8CC08830-5284-4148-9DC5-09529FF3EB89}.Debug|Any CPU.ActiveCfg = Debug|Any CPU
		{8CC08830-5284-4148-9DC5-09529FF3EB89}.Debug|Any CPU.Build.0 = Debug|Any CPU
		{8CC08830-5284-4148-9DC5-09529FF3EB89}.Release|Any CPU.ActiveCfg = Release|Any CPU
		{8CC08830-5284-4148-9DC5-09529FF3EB89}.Release|Any CPU.Build.0 = Release|Any CPU
		{05F55372-E18C-4877-A3C8-F9E9E1FBCBAD}.Debug|Any CPU.ActiveCfg = Debug|Any CPU
		{05F55372-E18C-4877-A3C8-F9E9E1FBCBAD}.Debug|Any CPU.Build.0 = Debug|Any CPU
		{05F55372-E18C-4877-A3C8-F9E9E1FBCBAD}.Release|Any CPU.ActiveCfg = Release|Any CPU
		{05F55372-E18C-4877-A3C8-F9E9E1FBCBAD}.Release|Any CPU.Build.0 = Release|Any CPU
	EndGlobalSection
	GlobalSection(SolutionProperties) = preSolution
		HideSolutionNode = FALSE
	EndGlobalSection
	GlobalSection(ExtensibilityGlobals) = postSolution
		SolutionGuid = {C206C087-F561-4218-B9D9-2F06F30A5C11}
	EndGlobalSection
EndGlobal
